// !$*UTF8*$!
{
	archiveVersion = 1;
	classes = {
	};
	objectVersion = 46;
	objects = {

/* Begin PBXBuildFile section */
		490DD9A71CCCC6F900000881 /* TweetViewCell.m in Sources */ = {isa = PBXBuildFile; fileRef = 490DD9A51CCCC6F900000881 /* TweetViewCell.m */; };
		490DD9A81CCCC6F900000881 /* TweetViewCell.xib in Resources */ = {isa = PBXBuildFile; fileRef = 490DD9A61CCCC6F900000881 /* TweetViewCell.xib */; };
		490DD9AB1CCCCFB600000881 /* FunTweet.m in Sources */ = {isa = PBXBuildFile; fileRef = 490DD9AA1CCCCFB600000881 /* FunTweet.m */; };
		490DD9AD1CCCED1000000881 /* config.plist in Resources */ = {isa = PBXBuildFile; fileRef = 490DD9AC1CCCED1000000881 /* config.plist */; };
		490DD9AF1CCCEDA300000881 /* ConfigFileUtil.m in Sources */ = {isa = PBXBuildFile; fileRef = 490DD9AE1CCCEDA300000881 /* ConfigFileUtil.m */; };
		4916D7B81CDDE9C2008AE3BE /* UILargeImgViewController.m in Sources */ = {isa = PBXBuildFile; fileRef = 4916D7B71CDDE9C2008AE3BE /* UILargeImgViewController.m */; };
		4916D7BC1CDE2465008AE3BE /* NewTweetViewController.m in Sources */ = {isa = PBXBuildFile; fileRef = 4916D7BA1CDE2465008AE3BE /* NewTweetViewController.m */; };
		4916D7BD1CDE2465008AE3BE /* NewTweetViewController.xib in Resources */ = {isa = PBXBuildFile; fileRef = 4916D7BB1CDE2465008AE3BE /* NewTweetViewController.xib */; };
		4916D7C01CDEF606008AE3BE /* TweetPageViewController.m in Sources */ = {isa = PBXBuildFile; fileRef = 4916D7BF1CDEF606008AE3BE /* TweetPageViewController.m */; };
		4916D7C21CE23656008AE3BE /* delete-button.png in Resources */ = {isa = PBXBuildFile; fileRef = 4916D7C11CE23656008AE3BE /* delete-button.png */; };
		492E74851CE8792D0046DA3C /* AFURLConnectionOperation+Recover.m in Sources */ = {isa = PBXBuildFile; fileRef = 492E74841CE8792D0046DA3C /* AFURLConnectionOperation+Recover.m */; };
		4968F99F1CC2137E004A6CCC /* ProfileEditViewController.m in Sources */ = {isa = PBXBuildFile; fileRef = 4968F99E1CC2137E004A6CCC /* ProfileEditViewController.m */; };
		49B30E321D212B7C000F766C /* FavoritedViewController.m in Sources */ = {isa = PBXBuildFile; fileRef = 49B30E311D212B7C000F766C /* FavoritedViewController.m */; };
		49B30E351D28BC4D000F766C /* FollowRequestController.m in Sources */ = {isa = PBXBuildFile; fileRef = 49B30E341D28BC4D000F766C /* FollowRequestController.m */; };
		49B30E381D28F460000F766C /* ConversationViewController.m in Sources */ = {isa = PBXBuildFile; fileRef = 49B30E371D28F460000F766C /* ConversationViewController.m */; };
		49B30E3B1D290FAA000F766C /* ConversationCell.m in Sources */ = {isa = PBXBuildFile; fileRef = 49B30E3A1D290FAA000F766C /* ConversationCell.m */; };
		49B30E411D313DB2000F766C /* SearchFriendTable.m in Sources */ = {isa = PBXBuildFile; fileRef = 49B30E401D313DB2000F766C /* SearchFriendTable.m */; };
		49F87B281C946257001F8006 /* main.m in Sources */ = {isa = PBXBuildFile; fileRef = 49F87B271C946257001F8006 /* main.m */; };
		49F87B2B1C946257001F8006 /* AppDelegate.m in Sources */ = {isa = PBXBuildFile; fileRef = 49F87B2A1C946257001F8006 /* AppDelegate.m */; };
		49F87B2E1C946257001F8006 /* ViewController.m in Sources */ = {isa = PBXBuildFile; fileRef = 49F87B2D1C946257001F8006 /* ViewController.m */; };
		49F87B331C946257001F8006 /* Images.xcassets in Resources */ = {isa = PBXBuildFile; fileRef = 49F87B321C946257001F8006 /* Images.xcassets */; };
		49F87B361C946257001F8006 /* LaunchScreen.xib in Resources */ = {isa = PBXBuildFile; fileRef = 49F87B341C946257001F8006 /* LaunchScreen.xib */; };
		49F87B421C946257001F8006 /* WoFunTests.m in Sources */ = {isa = PBXBuildFile; fileRef = 49F87B411C946257001F8006 /* WoFunTests.m */; };
		49F87B501C94FB06001F8006 /* TimeLineViewController.m in Sources */ = {isa = PBXBuildFile; fileRef = 49F87B4F1C94FB06001F8006 /* TimeLineViewController.m */; };
		49F87B531C95034E001F8006 /* MessageViewController.m in Sources */ = {isa = PBXBuildFile; fileRef = 49F87B521C95034E001F8006 /* MessageViewController.m */; };
		49F87B561C950FED001F8006 /* ProfileViewController.m in Sources */ = {isa = PBXBuildFile; fileRef = 49F87B551C950FED001F8006 /* ProfileViewController.m */; };
		49F87B591C951565001F8006 /* AtMeViewController.m in Sources */ = {isa = PBXBuildFile; fileRef = 49F87B581C951565001F8006 /* AtMeViewController.m */; };
		49F87B5C1C9517FF001F8006 /* NewMessageViewController.m in Sources */ = {isa = PBXBuildFile; fileRef = 49F87B5B1C9517FF001F8006 /* NewMessageViewController.m */; };
		49F87B5F1C95401F001F8006 /* LoginViewController.m in Sources */ = {isa = PBXBuildFile; fileRef = 49F87B5E1C95401F001F8006 /* LoginViewController.m */; };
		49F87B621CAF649C001F8006 /* NetworkUtil.m in Sources */ = {isa = PBXBuildFile; fileRef = 49F87B611CAF649C001F8006 /* NetworkUtil.m */; };
		49F87B651CAF6CFC001F8006 /* GlobalVar.m in Sources */ = {isa = PBXBuildFile; fileRef = 49F87B641CAF6CFC001F8006 /* GlobalVar.m */; };
		49F87B691CAF9B26001F8006 /* ProfileAvatarTableViewCell.m in Sources */ = {isa = PBXBuildFile; fileRef = 49F87B671CAF9B26001F8006 /* ProfileAvatarTableViewCell.m */; };
		49F87B6A1CAF9B26001F8006 /* ProfileAvatarTableViewCell.xib in Resources */ = {isa = PBXBuildFile; fileRef = 49F87B681CAF9B26001F8006 /* ProfileAvatarTableViewCell.xib */; };
		49F87B751CC1EC78001F8006 /* Localizable.strings in Resources */ = {isa = PBXBuildFile; fileRef = 49F87B771CC1EC78001F8006 /* Localizable.strings */; };
		4A9DC19083F141595FC13117 /* libPods.a in Frameworks */ = {isa = PBXBuildFile; fileRef = 374F70A48B9187343A9078BA /* libPods.a */; };
/* End PBXBuildFile section */

/* Begin PBXContainerItemProxy section */
		49F87B3C1C946257001F8006 /* PBXContainerItemProxy */ = {
			isa = PBXContainerItemProxy;
			containerPortal = 49F87B1A1C946256001F8006 /* Project object */;
			proxyType = 1;
			remoteGlobalIDString = 49F87B211C946257001F8006;
			remoteInfo = WoFun;
		};
/* End PBXContainerItemProxy section */

/* Begin PBXFileReference section */
		374F70A48B9187343A9078BA /* libPods.a */ = {isa = PBXFileReference; explicitFileType = archive.ar; includeInIndex = 0; path = libPods.a; sourceTree = BUILT_PRODUCTS_DIR; };
		490DD9A41CCCC6F900000881 /* TweetViewCell.h */ = {isa = PBXFileReference; fileEncoding = 4; lastKnownFileType = sourcecode.c.h; path = TweetViewCell.h; sourceTree = "<group>"; };
		490DD9A51CCCC6F900000881 /* TweetViewCell.m */ = {isa = PBXFileReference; fileEncoding = 4; lastKnownFileType = sourcecode.c.objc; path = TweetViewCell.m; sourceTree = "<group>"; };
		490DD9A61CCCC6F900000881 /* TweetViewCell.xib */ = {isa = PBXFileReference; fileEncoding = 4; lastKnownFileType = file.xib; path = TweetViewCell.xib; sourceTree = "<group>"; };
		490DD9A91CCCCF9D00000881 /* FunTweet.h */ = {isa = PBXFileReference; lastKnownFileType = sourcecode.c.h; path = FunTweet.h; sourceTree = "<group>"; };
		490DD9AA1CCCCFB600000881 /* FunTweet.m */ = {isa = PBXFileReference; fileEncoding = 4; lastKnownFileType = sourcecode.c.objc; path = FunTweet.m; sourceTree = "<group>"; };
		490DD9AC1CCCED1000000881 /* config.plist */ = {isa = PBXFileReference; fileEncoding = 4; lastKnownFileType = text.plist.xml; path = config.plist; sourceTree = "<group>"; };
		490DD9AE1CCCEDA300000881 /* ConfigFileUtil.m */ = {isa = PBXFileReference; fileEncoding = 4; lastKnownFileType = sourcecode.c.objc; path = ConfigFileUtil.m; sourceTree = "<group>"; };
		490DD9B01CCCEDAD00000881 /* ConfigFileUtil.h */ = {isa = PBXFileReference; lastKnownFileType = sourcecode.c.h; path = ConfigFileUtil.h; sourceTree = "<group>"; };
		4916D7B61CDDE9C2008AE3BE /* UILargeImgViewController.h */ = {isa = PBXFileReference; fileEncoding = 4; lastKnownFileType = sourcecode.c.h; path = UILargeImgViewController.h; sourceTree = "<group>"; };
		4916D7B71CDDE9C2008AE3BE /* UILargeImgViewController.m */ = {isa = PBXFileReference; fileEncoding = 4; lastKnownFileType = sourcecode.c.objc; path = UILargeImgViewController.m; sourceTree = "<group>"; };
		4916D7B91CDE2465008AE3BE /* NewTweetViewController.h */ = {isa = PBXFileReference; fileEncoding = 4; lastKnownFileType = sourcecode.c.h; path = NewTweetViewController.h; sourceTree = "<group>"; };
		4916D7BA1CDE2465008AE3BE /* NewTweetViewController.m */ = {isa = PBXFileReference; fileEncoding = 4; lastKnownFileType = sourcecode.c.objc; path = NewTweetViewController.m; sourceTree = "<group>"; };
		4916D7BB1CDE2465008AE3BE /* NewTweetViewController.xib */ = {isa = PBXFileReference; fileEncoding = 4; lastKnownFileType = file.xib; path = NewTweetViewController.xib; sourceTree = "<group>"; };
		4916D7BE1CDEF606008AE3BE /* TweetPageViewController.h */ = {isa = PBXFileReference; fileEncoding = 4; lastKnownFileType = sourcecode.c.h; path = TweetPageViewController.h; sourceTree = "<group>"; };
		4916D7BF1CDEF606008AE3BE /* TweetPageViewController.m */ = {isa = PBXFileReference; fileEncoding = 4; lastKnownFileType = sourcecode.c.objc; path = TweetPageViewController.m; sourceTree = "<group>"; };
		4916D7C11CE23656008AE3BE /* delete-button.png */ = {isa = PBXFileReference; lastKnownFileType = image.png; path = "delete-button.png"; sourceTree = "<group>"; };
		492E74831CE8791E0046DA3C /* AFURLConnectionOperation+Recover.h */ = {isa = PBXFileReference; lastKnownFileType = sourcecode.c.h; path = "AFURLConnectionOperation+Recover.h"; sourceTree = "<group>"; };
		492E74841CE8792D0046DA3C /* AFURLConnectionOperation+Recover.m */ = {isa = PBXFileReference; fileEncoding = 4; lastKnownFileType = sourcecode.c.objc; path = "AFURLConnectionOperation+Recover.m"; sourceTree = "<group>"; };
		4968F99D1CC2137E004A6CCC /* ProfileEditViewController.h */ = {isa = PBXFileReference; fileEncoding = 4; lastKnownFileType = sourcecode.c.h; path = ProfileEditViewController.h; sourceTree = "<group>"; };
		4968F99E1CC2137E004A6CCC /* ProfileEditViewController.m */ = {isa = PBXFileReference; fileEncoding = 4; lastKnownFileType = sourcecode.c.objc; path = ProfileEditViewController.m; sourceTree = "<group>"; };
		49B30E301D212B7C000F766C /* FavoritedViewController.h */ = {isa = PBXFileReference; fileEncoding = 4; lastKnownFileType = sourcecode.c.h; path = FavoritedViewController.h; sourceTree = "<group>"; };
		49B30E311D212B7C000F766C /* FavoritedViewController.m */ = {isa = PBXFileReference; fileEncoding = 4; lastKnownFileType = sourcecode.c.objc; path = FavoritedViewController.m; sourceTree = "<group>"; };
		49B30E331D28BC4D000F766C /* FollowRequestController.h */ = {isa = PBXFileReference; fileEncoding = 4; lastKnownFileType = sourcecode.c.h; path = FollowRequestController.h; sourceTree = "<group>"; };
		49B30E341D28BC4D000F766C /* FollowRequestController.m */ = {isa = PBXFileReference; fileEncoding = 4; lastKnownFileType = sourcecode.c.objc; path = FollowRequestController.m; sourceTree = "<group>"; };
		49B30E361D28F460000F766C /* ConversationViewController.h */ = {isa = PBXFileReference; fileEncoding = 4; lastKnownFileType = sourcecode.c.h; path = ConversationViewController.h; sourceTree = "<group>"; };
		49B30E371D28F460000F766C /* ConversationViewController.m */ = {isa = PBXFileReference; fileEncoding = 4; lastKnownFileType = sourcecode.c.objc; path = ConversationViewController.m; sourceTree = "<group>"; };
		49B30E391D290FAA000F766C /* ConversationCell.h */ = {isa = PBXFileReference; fileEncoding = 4; lastKnownFileType = sourcecode.c.h; path = ConversationCell.h; sourceTree = "<group>"; };
		49B30E3A1D290FAA000F766C /* ConversationCell.m */ = {isa = PBXFileReference; fileEncoding = 4; lastKnownFileType = sourcecode.c.objc; path = ConversationCell.m; sourceTree = "<group>"; };
		49B30E3F1D313DB2000F766C /* SearchFriendTable.h */ = {isa = PBXFileReference; fileEncoding = 4; lastKnownFileType = sourcecode.c.h; path = SearchFriendTable.h; sourceTree = "<group>"; };
		49B30E401D313DB2000F766C /* SearchFriendTable.m */ = {isa = PBXFileReference; fileEncoding = 4; lastKnownFileType = sourcecode.c.objc; path = SearchFriendTable.m; sourceTree = "<group>"; };
		49F87B221C946257001F8006 /* WoFun.app */ = {isa = PBXFileReference; explicitFileType = wrapper.application; includeInIndex = 0; path = WoFun.app; sourceTree = BUILT_PRODUCTS_DIR; };
		49F87B261C946257001F8006 /* Info.plist */ = {isa = PBXFileReference; lastKnownFileType = text.plist.xml; path = Info.plist; sourceTree = "<group>"; };
		49F87B271C946257001F8006 /* main.m */ = {isa = PBXFileReference; lastKnownFileType = sourcecode.c.objc; path = main.m; sourceTree = "<group>"; };
		49F87B291C946257001F8006 /* AppDelegate.h */ = {isa = PBXFileReference; lastKnownFileType = sourcecode.c.h; path = AppDelegate.h; sourceTree = "<group>"; };
		49F87B2A1C946257001F8006 /* AppDelegate.m */ = {isa = PBXFileReference; lastKnownFileType = sourcecode.c.objc; path = AppDelegate.m; sourceTree = "<group>"; };
		49F87B2C1C946257001F8006 /* ViewController.h */ = {isa = PBXFileReference; lastKnownFileType = sourcecode.c.h; path = ViewController.h; sourceTree = "<group>"; };
		49F87B2D1C946257001F8006 /* ViewController.m */ = {isa = PBXFileReference; lastKnownFileType = sourcecode.c.objc; path = ViewController.m; sourceTree = "<group>"; };
		49F87B321C946257001F8006 /* Images.xcassets */ = {isa = PBXFileReference; lastKnownFileType = folder.assetcatalog; path = Images.xcassets; sourceTree = "<group>"; };
		49F87B351C946257001F8006 /* Base */ = {isa = PBXFileReference; lastKnownFileType = file.xib; name = Base; path = Base.lproj/LaunchScreen.xib; sourceTree = "<group>"; };
		49F87B3B1C946257001F8006 /* WoFunTests.xctest */ = {isa = PBXFileReference; explicitFileType = wrapper.cfbundle; includeInIndex = 0; path = WoFunTests.xctest; sourceTree = BUILT_PRODUCTS_DIR; };
		49F87B401C946257001F8006 /* Info.plist */ = {isa = PBXFileReference; lastKnownFileType = text.plist.xml; path = Info.plist; sourceTree = "<group>"; };
		49F87B411C946257001F8006 /* WoFunTests.m */ = {isa = PBXFileReference; lastKnownFileType = sourcecode.c.objc; path = WoFunTests.m; sourceTree = "<group>"; };
		49F87B4E1C94FB06001F8006 /* TimeLineViewController.h */ = {isa = PBXFileReference; fileEncoding = 4; lastKnownFileType = sourcecode.c.h; path = TimeLineViewController.h; sourceTree = "<group>"; };
		49F87B4F1C94FB06001F8006 /* TimeLineViewController.m */ = {isa = PBXFileReference; fileEncoding = 4; lastKnownFileType = sourcecode.c.objc; path = TimeLineViewController.m; sourceTree = "<group>"; };
		49F87B511C95034E001F8006 /* MessageViewController.h */ = {isa = PBXFileReference; fileEncoding = 4; lastKnownFileType = sourcecode.c.h; path = MessageViewController.h; sourceTree = "<group>"; };
		49F87B521C95034E001F8006 /* MessageViewController.m */ = {isa = PBXFileReference; fileEncoding = 4; lastKnownFileType = sourcecode.c.objc; path = MessageViewController.m; sourceTree = "<group>"; };
		49F87B541C950FED001F8006 /* ProfileViewController.h */ = {isa = PBXFileReference; fileEncoding = 4; lastKnownFileType = sourcecode.c.h; path = ProfileViewController.h; sourceTree = "<group>"; };
		49F87B551C950FED001F8006 /* ProfileViewController.m */ = {isa = PBXFileReference; fileEncoding = 4; lastKnownFileType = sourcecode.c.objc; path = ProfileViewController.m; sourceTree = "<group>"; };
		49F87B571C951565001F8006 /* AtMeViewController.h */ = {isa = PBXFileReference; fileEncoding = 4; lastKnownFileType = sourcecode.c.h; path = AtMeViewController.h; sourceTree = "<group>"; };
		49F87B581C951565001F8006 /* AtMeViewController.m */ = {isa = PBXFileReference; fileEncoding = 4; lastKnownFileType = sourcecode.c.objc; path = AtMeViewController.m; sourceTree = "<group>"; };
		49F87B5A1C9517FF001F8006 /* NewMessageViewController.h */ = {isa = PBXFileReference; fileEncoding = 4; lastKnownFileType = sourcecode.c.h; path = NewMessageViewController.h; sourceTree = "<group>"; };
		49F87B5B1C9517FF001F8006 /* NewMessageViewController.m */ = {isa = PBXFileReference; fileEncoding = 4; lastKnownFileType = sourcecode.c.objc; path = NewMessageViewController.m; sourceTree = "<group>"; };
		49F87B5D1C95401F001F8006 /* LoginViewController.h */ = {isa = PBXFileReference; fileEncoding = 4; lastKnownFileType = sourcecode.c.h; path = LoginViewController.h; sourceTree = "<group>"; };
		49F87B5E1C95401F001F8006 /* LoginViewController.m */ = {isa = PBXFileReference; fileEncoding = 4; lastKnownFileType = sourcecode.c.objc; path = LoginViewController.m; sourceTree = "<group>"; };
		49F87B601CA83471001F8006 /* GlobalVar.h */ = {isa = PBXFileReference; lastKnownFileType = sourcecode.c.h; path = GlobalVar.h; sourceTree = "<group>"; };
		49F87B611CAF649C001F8006 /* NetworkUtil.m */ = {isa = PBXFileReference; fileEncoding = 4; lastKnownFileType = sourcecode.c.objc; path = NetworkUtil.m; sourceTree = "<group>"; };
		49F87B631CAF64AF001F8006 /* NetworkUtil.h */ = {isa = PBXFileReference; lastKnownFileType = sourcecode.c.h; path = NetworkUtil.h; sourceTree = "<group>"; };
		49F87B641CAF6CFC001F8006 /* GlobalVar.m */ = {isa = PBXFileReference; fileEncoding = 4; lastKnownFileType = sourcecode.c.objc; path = GlobalVar.m; sourceTree = "<group>"; };
		49F87B661CAF9B26001F8006 /* ProfileAvatarTableViewCell.h */ = {isa = PBXFileReference; fileEncoding = 4; lastKnownFileType = sourcecode.c.h; path = ProfileAvatarTableViewCell.h; sourceTree = "<group>"; };
		49F87B671CAF9B26001F8006 /* ProfileAvatarTableViewCell.m */ = {isa = PBXFileReference; fileEncoding = 4; lastKnownFileType = sourcecode.c.objc; path = ProfileAvatarTableViewCell.m; sourceTree = "<group>"; };
		49F87B681CAF9B26001F8006 /* ProfileAvatarTableViewCell.xib */ = {isa = PBXFileReference; fileEncoding = 4; lastKnownFileType = file.xib; path = ProfileAvatarTableViewCell.xib; sourceTree = "<group>"; };
		49F87B761CC1EC78001F8006 /* en */ = {isa = PBXFileReference; lastKnownFileType = text.plist.strings; name = en; path = en.lproj/Localizable.strings; sourceTree = "<group>"; };
		49F87B781CC1ECA1001F8006 /* Base */ = {isa = PBXFileReference; lastKnownFileType = text.plist.strings; name = Base; path = Base.lproj/Localizable.strings; sourceTree = "<group>"; };
		AD7AC2D9E5E7D7A469721BD0 /* Pods.release.xcconfig */ = {isa = PBXFileReference; includeInIndex = 1; lastKnownFileType = text.xcconfig; name = Pods.release.xcconfig; path = "Pods/Target Support Files/Pods/Pods.release.xcconfig"; sourceTree = "<group>"; };
		CDD9C6E79EC2DFAFFD8685C7 /* Pods.debug.xcconfig */ = {isa = PBXFileReference; includeInIndex = 1; lastKnownFileType = text.xcconfig; name = Pods.debug.xcconfig; path = "Pods/Target Support Files/Pods/Pods.debug.xcconfig"; sourceTree = "<group>"; };
/* End PBXFileReference section */

/* Begin PBXFrameworksBuildPhase section */
		49F87B1F1C946257001F8006 /* Frameworks */ = {
			isa = PBXFrameworksBuildPhase;
			buildActionMask = 2147483647;
			files = (
				4A9DC19083F141595FC13117 /* libPods.a in Frameworks */,
			);
			runOnlyForDeploymentPostprocessing = 0;
		};
		49F87B381C946257001F8006 /* Frameworks */ = {
			isa = PBXFrameworksBuildPhase;
			buildActionMask = 2147483647;
			files = (
			);
			runOnlyForDeploymentPostprocessing = 0;
		};
/* End PBXFrameworksBuildPhase section */

/* Begin PBXGroup section */
		4916D7C31CE23665008AE3BE /* images */ = {
			isa = PBXGroup;
			children = (
				4916D7C11CE23656008AE3BE /* delete-button.png */,
			);
			name = images;
			sourceTree = "<group>";
		};
		49F87B191C946256001F8006 = {
			isa = PBXGroup;
			children = (
				49F87B241C946257001F8006 /* WoFun */,
				49F87B3E1C946257001F8006 /* WoFunTests */,
				49F87B231C946257001F8006 /* Products */,
				AC5F7DA209CB0F1F30399E8D /* Pods */,
				9CE4DF7C97667D2EE325E17D /* Frameworks */,
			);
			sourceTree = "<group>";
		};
		49F87B231C946257001F8006 /* Products */ = {
			isa = PBXGroup;
			children = (
				49F87B221C946257001F8006 /* WoFun.app */,
				49F87B3B1C946257001F8006 /* WoFunTests.xctest */,
			);
			name = Products;
			sourceTree = "<group>";
		};
		49F87B241C946257001F8006 /* WoFun */ = {
			isa = PBXGroup;
			children = (
				49F87B291C946257001F8006 /* AppDelegate.h */,
				49F87B2A1C946257001F8006 /* AppDelegate.m */,
				49F87B2C1C946257001F8006 /* ViewController.h */,
				49F87B2D1C946257001F8006 /* ViewController.m */,
				49F87B5D1C95401F001F8006 /* LoginViewController.h */,
				49F87B5E1C95401F001F8006 /* LoginViewController.m */,
				49F87B4E1C94FB06001F8006 /* TimeLineViewController.h */,
				49F87B4F1C94FB06001F8006 /* TimeLineViewController.m */,
				49B30E3F1D313DB2000F766C /* SearchFriendTable.h */,
				49B30E401D313DB2000F766C /* SearchFriendTable.m */,
				49B30E301D212B7C000F766C /* FavoritedViewController.h */,
				49B30E311D212B7C000F766C /* FavoritedViewController.m */,
				49B30E331D28BC4D000F766C /* FollowRequestController.h */,
				49B30E341D28BC4D000F766C /* FollowRequestController.m */,
				49F87B511C95034E001F8006 /* MessageViewController.h */,
				49F87B521C95034E001F8006 /* MessageViewController.m */,
				49B30E391D290FAA000F766C /* ConversationCell.h */,
				49B30E3A1D290FAA000F766C /* ConversationCell.m */,
				49B30E361D28F460000F766C /* ConversationViewController.h */,
				49B30E371D28F460000F766C /* ConversationViewController.m */,
				492E74831CE8791E0046DA3C /* AFURLConnectionOperation+Recover.h */,
				492E74841CE8792D0046DA3C /* AFURLConnectionOperation+Recover.m */,
				4916D7B61CDDE9C2008AE3BE /* UILargeImgViewController.h */,
				4916D7B71CDDE9C2008AE3BE /* UILargeImgViewController.m */,
				4916D7BE1CDEF606008AE3BE /* TweetPageViewController.h */,
				4916D7BF1CDEF606008AE3BE /* TweetPageViewController.m */,
				4916D7B91CDE2465008AE3BE /* NewTweetViewController.h */,
				4916D7BA1CDE2465008AE3BE /* NewTweetViewController.m */,
				4916D7BB1CDE2465008AE3BE /* NewTweetViewController.xib */,
				490DD9A91CCCCF9D00000881 /* FunTweet.h */,
				490DD9AA1CCCCFB600000881 /* FunTweet.m */,
				490DD9A41CCCC6F900000881 /* TweetViewCell.h */,
				490DD9A51CCCC6F900000881 /* TweetViewCell.m */,
				490DD9A61CCCC6F900000881 /* TweetViewCell.xib */,
				49F87B661CAF9B26001F8006 /* ProfileAvatarTableViewCell.h */,
				49F87B671CAF9B26001F8006 /* ProfileAvatarTableViewCell.m */,
				49F87B681CAF9B26001F8006 /* ProfileAvatarTableViewCell.xib */,
				49F87B541C950FED001F8006 /* ProfileViewController.h */,
				49F87B551C950FED001F8006 /* ProfileViewController.m */,
				4968F99D1CC2137E004A6CCC /* ProfileEditViewController.h */,
				4968F99E1CC2137E004A6CCC /* ProfileEditViewController.m */,
				49F87B5A1C9517FF001F8006 /* NewMessageViewController.h */,
				49F87B5B1C9517FF001F8006 /* NewMessageViewController.m */,
				49F87B571C951565001F8006 /* AtMeViewController.h */,
				49F87B581C951565001F8006 /* AtMeViewController.m */,
				4916D7C31CE23665008AE3BE /* images */,
				49F87B321C946257001F8006 /* Images.xcassets */,
				49F87B341C946257001F8006 /* LaunchScreen.xib */,
				49F87B251C946257001F8006 /* Supporting Files */,
				49F87B601CA83471001F8006 /* GlobalVar.h */,
				49F87B641CAF6CFC001F8006 /* GlobalVar.m */,
				49F87B631CAF64AF001F8006 /* NetworkUtil.h */,
				49F87B611CAF649C001F8006 /* NetworkUtil.m */,
				490DD9B01CCCEDAD00000881 /* ConfigFileUtil.h */,
				490DD9AE1CCCEDA300000881 /* ConfigFileUtil.m */,
				49F87B771CC1EC78001F8006 /* Localizable.strings */,
			);
			path = WoFun;
			sourceTree = "<group>";
		};
		49F87B251C946257001F8006 /* Supporting Files */ = {
			isa = PBXGroup;
			children = (
				490DD9AC1CCCED1000000881 /* config.plist */,
				49F87B261C946257001F8006 /* Info.plist */,
				49F87B271C946257001F8006 /* main.m */,
			);
			name = "Supporting Files";
			sourceTree = "<group>";
		};
		49F87B3E1C946257001F8006 /* WoFunTests */ = {
			isa = PBXGroup;
			children = (
				49F87B411C946257001F8006 /* WoFunTests.m */,
				49F87B3F1C946257001F8006 /* Supporting Files */,
			);
			path = WoFunTests;
			sourceTree = "<group>";
		};
		49F87B3F1C946257001F8006 /* Supporting Files */ = {
			isa = PBXGroup;
			children = (
				49F87B401C946257001F8006 /* Info.plist */,
			);
			name = "Supporting Files";
			sourceTree = "<group>";
		};
		9CE4DF7C97667D2EE325E17D /* Frameworks */ = {
			isa = PBXGroup;
			children = (
				374F70A48B9187343A9078BA /* libPods.a */,
			);
			name = Frameworks;
			sourceTree = "<group>";
		};
		AC5F7DA209CB0F1F30399E8D /* Pods */ = {
			isa = PBXGroup;
			children = (
				CDD9C6E79EC2DFAFFD8685C7 /* Pods.debug.xcconfig */,
				AD7AC2D9E5E7D7A469721BD0 /* Pods.release.xcconfig */,
			);
			name = Pods;
			sourceTree = "<group>";
		};
/* End PBXGroup section */

/* Begin PBXNativeTarget section */
		49F87B211C946257001F8006 /* WoFun */ = {
			isa = PBXNativeTarget;
			buildConfigurationList = 49F87B451C946257001F8006 /* Build configuration list for PBXNativeTarget "WoFun" */;
			buildPhases = (
				77472CA98D60332929CD79AE /* Check Pods Manifest.lock */,
				49F87B1E1C946257001F8006 /* Sources */,
				49F87B1F1C946257001F8006 /* Frameworks */,
				49F87B201C946257001F8006 /* Resources */,
				D6A1D0C319E9016D96047FA5 /* Embed Pods Frameworks */,
				753995AA0B4B8575249816C9 /* Copy Pods Resources */,
			);
			buildRules = (
			);
			dependencies = (
			);
			name = WoFun;
			productName = WoFun;
			productReference = 49F87B221C946257001F8006 /* WoFun.app */;
			productType = "com.apple.product-type.application";
		};
		49F87B3A1C946257001F8006 /* WoFunTests */ = {
			isa = PBXNativeTarget;
			buildConfigurationList = 49F87B481C946257001F8006 /* Build configuration list for PBXNativeTarget "WoFunTests" */;
			buildPhases = (
				49F87B371C946257001F8006 /* Sources */,
				49F87B381C946257001F8006 /* Frameworks */,
				49F87B391C946257001F8006 /* Resources */,
			);
			buildRules = (
			);
			dependencies = (
				49F87B3D1C946257001F8006 /* PBXTargetDependency */,
			);
			name = WoFunTests;
			productName = WoFunTests;
			productReference = 49F87B3B1C946257001F8006 /* WoFunTests.xctest */;
			productType = "com.apple.product-type.bundle.unit-test";
		};
/* End PBXNativeTarget section */

/* Begin PBXProject section */
		49F87B1A1C946256001F8006 /* Project object */ = {
			isa = PBXProject;
			attributes = {
				LastUpgradeCheck = 0610;
				ORGANIZATIONNAME = Leonly91;
				TargetAttributes = {
					49F87B211C946257001F8006 = {
						CreatedOnToolsVersion = 6.1.1;
					};
					49F87B3A1C946257001F8006 = {
						CreatedOnToolsVersion = 6.1.1;
						TestTargetID = 49F87B211C946257001F8006;
					};
				};
			};
			buildConfigurationList = 49F87B1D1C946256001F8006 /* Build configuration list for PBXProject "WoFun" */;
			compatibilityVersion = "Xcode 3.2";
			developmentRegion = English;
			hasScannedForEncodings = 0;
			knownRegions = (
				en,
				Base,
			);
			mainGroup = 49F87B191C946256001F8006;
			productRefGroup = 49F87B231C946257001F8006 /* Products */;
			projectDirPath = "";
			projectRoot = "";
			targets = (
				49F87B211C946257001F8006 /* WoFun */,
				49F87B3A1C946257001F8006 /* WoFunTests */,
			);
		};
/* End PBXProject section */

/* Begin PBXResourcesBuildPhase section */
		49F87B201C946257001F8006 /* Resources */ = {
			isa = PBXResourcesBuildPhase;
			buildActionMask = 2147483647;
			files = (
				4916D7C21CE23656008AE3BE /* delete-button.png in Resources */,
				49F87B361C946257001F8006 /* LaunchScreen.xib in Resources */,
				49F87B751CC1EC78001F8006 /* Localizable.strings in Resources */,
				490DD9AD1CCCED1000000881 /* config.plist in Resources */,
				490DD9A81CCCC6F900000881 /* TweetViewCell.xib in Resources */,
				49F87B6A1CAF9B26001F8006 /* ProfileAvatarTableViewCell.xib in Resources */,
				49F87B331C946257001F8006 /* Images.xcassets in Resources */,
				4916D7BD1CDE2465008AE3BE /* NewTweetViewController.xib in Resources */,
			);
			runOnlyForDeploymentPostprocessing = 0;
		};
		49F87B391C946257001F8006 /* Resources */ = {
			isa = PBXResourcesBuildPhase;
			buildActionMask = 2147483647;
			files = (
			);
			runOnlyForDeploymentPostprocessing = 0;
		};
/* End PBXResourcesBuildPhase section */

/* Begin PBXShellScriptBuildPhase section */
		753995AA0B4B8575249816C9 /* Copy Pods Resources */ = {
			isa = PBXShellScriptBuildPhase;
			buildActionMask = 2147483647;
			files = (
			);
			inputPaths = (
			);
			name = "Copy Pods Resources";
			outputPaths = (
			);
			runOnlyForDeploymentPostprocessing = 0;
			shellPath = /bin/sh;
			shellScript = "\"${SRCROOT}/Pods/Target Support Files/Pods/Pods-resources.sh\"\n";
			showEnvVarsInLog = 0;
		};
		77472CA98D60332929CD79AE /* Check Pods Manifest.lock */ = {
			isa = PBXShellScriptBuildPhase;
			buildActionMask = 2147483647;
			files = (
			);
			inputPaths = (
			);
			name = "Check Pods Manifest.lock";
			outputPaths = (
			);
			runOnlyForDeploymentPostprocessing = 0;
			shellPath = /bin/sh;
			shellScript = "diff \"${PODS_ROOT}/../Podfile.lock\" \"${PODS_ROOT}/Manifest.lock\" > /dev/null\nif [[ $? != 0 ]] ; then\n    cat << EOM\nerror: The sandbox is not in sync with the Podfile.lock. Run 'pod install' or update your CocoaPods installation.\nEOM\n    exit 1\nfi\n";
			showEnvVarsInLog = 0;
		};
		D6A1D0C319E9016D96047FA5 /* Embed Pods Frameworks */ = {
			isa = PBXShellScriptBuildPhase;
			buildActionMask = 2147483647;
			files = (
			);
			inputPaths = (
			);
			name = "Embed Pods Frameworks";
			outputPaths = (
			);
			runOnlyForDeploymentPostprocessing = 0;
			shellPath = /bin/sh;
			shellScript = "\"${SRCROOT}/Pods/Target Support Files/Pods/Pods-frameworks.sh\"\n";
			showEnvVarsInLog = 0;
		};
/* End PBXShellScriptBuildPhase section */

/* Begin PBXSourcesBuildPhase section */
		49F87B1E1C946257001F8006 /* Sources */ = {
			isa = PBXSourcesBuildPhase;
			buildActionMask = 2147483647;
			files = (
				49F87B591C951565001F8006 /* AtMeViewController.m in Sources */,
				4916D7BC1CDE2465008AE3BE /* NewTweetViewController.m in Sources */,
				49B30E351D28BC4D000F766C /* FollowRequestController.m in Sources */,
				49F87B2E1C946257001F8006 /* ViewController.m in Sources */,
				49F87B691CAF9B26001F8006 /* ProfileAvatarTableViewCell.m in Sources */,
				49F87B531C95034E001F8006 /* MessageViewController.m in Sources */,
				49B30E411D313DB2000F766C /* SearchFriendTable.m in Sources */,
				492E74851CE8792D0046DA3C /* AFURLConnectionOperation+Recover.m in Sources */,
				4968F99F1CC2137E004A6CCC /* ProfileEditViewController.m in Sources */,
				49B30E3B1D290FAA000F766C /* ConversationCell.m in Sources */,
				49F87B5C1C9517FF001F8006 /* NewMessageViewController.m in Sources */,
				49F87B501C94FB06001F8006 /* TimeLineViewController.m in Sources */,
				49B30E321D212B7C000F766C /* FavoritedViewController.m in Sources */,
				49F87B5F1C95401F001F8006 /* LoginViewController.m in Sources */,
				49F87B651CAF6CFC001F8006 /* GlobalVar.m in Sources */,
				49F87B621CAF649C001F8006 /* NetworkUtil.m in Sources */,
				49F87B2B1C946257001F8006 /* AppDelegate.m in Sources */,
				4916D7C01CDEF606008AE3BE /* TweetPageViewController.m in Sources */,
				49F87B561C950FED001F8006 /* ProfileViewController.m in Sources */,
				49B30E381D28F460000F766C /* ConversationViewController.m in Sources */,
				490DD9AB1CCCCFB600000881 /* FunTweet.m in Sources */,
				490DD9A71CCCC6F900000881 /* TweetViewCell.m in Sources */,
				49F87B281C946257001F8006 /* main.m in Sources */,
				4916D7B81CDDE9C2008AE3BE /* UILargeImgViewController.m in Sources */,
				490DD9AF1CCCEDA300000881 /* ConfigFileUtil.m in Sources */,
			);
			runOnlyForDeploymentPostprocessing = 0;
		};
		49F87B371C946257001F8006 /* Sources */ = {
			isa = PBXSourcesBuildPhase;
			buildActionMask = 2147483647;
			files = (
				49F87B421C946257001F8006 /* WoFunTests.m in Sources */,
			);
			runOnlyForDeploymentPostprocessing = 0;
		};
/* End PBXSourcesBuildPhase section */

/* Begin PBXTargetDependency section */
		49F87B3D1C946257001F8006 /* PBXTargetDependency */ = {
			isa = PBXTargetDependency;
			target = 49F87B211C946257001F8006 /* WoFun */;
			targetProxy = 49F87B3C1C946257001F8006 /* PBXContainerItemProxy */;
		};
/* End PBXTargetDependency section */

/* Begin PBXVariantGroup section */
		49F87B341C946257001F8006 /* LaunchScreen.xib */ = {
			isa = PBXVariantGroup;
			children = (
				49F87B351C946257001F8006 /* Base */,
			);
			name = LaunchScreen.xib;
			sourceTree = "<group>";
		};
		49F87B771CC1EC78001F8006 /* Localizable.strings */ = {
			isa = PBXVariantGroup;
			children = (
				49F87B761CC1EC78001F8006 /* en */,
				49F87B781CC1ECA1001F8006 /* Base */,
			);
			name = Localizable.strings;
			sourceTree = "<group>";
		};
/* End PBXVariantGroup section */

/* Begin XCBuildConfiguration section */
		49F87B431C946257001F8006 /* Debug */ = {
			isa = XCBuildConfiguration;
			buildSettings = {
				ALWAYS_SEARCH_USER_PATHS = NO;
				CLANG_CXX_LANGUAGE_STANDARD = "gnu++0x";
				CLANG_CXX_LIBRARY = "libc++";
				CLANG_ENABLE_MODULES = YES;
				CLANG_ENABLE_OBJC_ARC = YES;
				CLANG_WARN_BOOL_CONVERSION = YES;
				CLANG_WARN_CONSTANT_CONVERSION = YES;
				CLANG_WARN_DIRECT_OBJC_ISA_USAGE = YES_ERROR;
				CLANG_WARN_EMPTY_BODY = YES;
				CLANG_WARN_ENUM_CONVERSION = YES;
				CLANG_WARN_INT_CONVERSION = YES;
				CLANG_WARN_OBJC_ROOT_CLASS = YES_ERROR;
				CLANG_WARN_UNREACHABLE_CODE = YES;
				CLANG_WARN__DUPLICATE_METHOD_MATCH = YES;
				"CODE_SIGN_IDENTITY[sdk=iphoneos*]" = "iPhone Developer";
				COPY_PHASE_STRIP = NO;
				ENABLE_STRICT_OBJC_MSGSEND = YES;
				GCC_C_LANGUAGE_STANDARD = gnu99;
				GCC_DYNAMIC_NO_PIC = NO;
				GCC_OPTIMIZATION_LEVEL = 0;
				GCC_PREPROCESSOR_DEFINITIONS = (
					"DEBUG=1",
					"$(inherited)",
				);
				GCC_SYMBOLS_PRIVATE_EXTERN = NO;
				GCC_WARN_64_TO_32_BIT_CONVERSION = YES;
				GCC_WARN_ABOUT_RETURN_TYPE = YES_ERROR;
				GCC_WARN_UNDECLARED_SELECTOR = YES;
				GCC_WARN_UNINITIALIZED_AUTOS = YES_AGGRESSIVE;
				GCC_WARN_UNUSED_FUNCTION = YES;
				GCC_WARN_UNUSED_VARIABLE = YES;
				IPHONEOS_DEPLOYMENT_TARGET = 8.1;
				MTL_ENABLE_DEBUG_INFO = YES;
				ONLY_ACTIVE_ARCH = YES;
				SDKROOT = iphoneos;
			};
			name = Debug;
		};
		49F87B441C946257001F8006 /* Release */ = {
			isa = XCBuildConfiguration;
			buildSettings = {
				ALWAYS_SEARCH_USER_PATHS = NO;
				CLANG_CXX_LANGUAGE_STANDARD = "gnu++0x";
				CLANG_CXX_LIBRARY = "libc++";
				CLANG_ENABLE_MODULES = YES;
				CLANG_ENABLE_OBJC_ARC = YES;
				CLANG_WARN_BOOL_CONVERSION = YES;
				CLANG_WARN_CONSTANT_CONVERSION = YES;
				CLANG_WARN_DIRECT_OBJC_ISA_USAGE = YES_ERROR;
				CLANG_WARN_EMPTY_BODY = YES;
				CLANG_WARN_ENUM_CONVERSION = YES;
				CLANG_WARN_INT_CONVERSION = YES;
				CLANG_WARN_OBJC_ROOT_CLASS = YES_ERROR;
				CLANG_WARN_UNREACHABLE_CODE = YES;
				CLANG_WARN__DUPLICATE_METHOD_MATCH = YES;
				"CODE_SIGN_IDENTITY[sdk=iphoneos*]" = "iPhone Developer";
				COPY_PHASE_STRIP = YES;
				ENABLE_NS_ASSERTIONS = NO;
				ENABLE_STRICT_OBJC_MSGSEND = YES;
				GCC_C_LANGUAGE_STANDARD = gnu99;
				GCC_WARN_64_TO_32_BIT_CONVERSION = YES;
				GCC_WARN_ABOUT_RETURN_TYPE = YES_ERROR;
				GCC_WARN_UNDECLARED_SELECTOR = YES;
				GCC_WARN_UNINITIALIZED_AUTOS = YES_AGGRESSIVE;
				GCC_WARN_UNUSED_FUNCTION = YES;
				GCC_WARN_UNUSED_VARIABLE = YES;
				IPHONEOS_DEPLOYMENT_TARGET = 8.1;
				MTL_ENABLE_DEBUG_INFO = NO;
				SDKROOT = iphoneos;
				VALIDATE_PRODUCT = YES;
			};
			name = Release;
		};
		49F87B461C946257001F8006 /* Debug */ = {
			isa = XCBuildConfiguration;
			baseConfigurationReference = CDD9C6E79EC2DFAFFD8685C7 /* Pods.debug.xcconfig */;
			buildSettings = {
				ASSETCATALOG_COMPILER_APPICON_NAME = AppIcon;
				INFOPLIST_FILE = WoFun/Info.plist;
				LD_RUNPATH_SEARCH_PATHS = "$(inherited) @executable_path/Frameworks";
				PRODUCT_NAME = "$(TARGET_NAME)";
			};
			name = Debug;
		};
		49F87B471C946257001F8006 /* Release */ = {
			isa = XCBuildConfiguration;
			baseConfigurationReference = AD7AC2D9E5E7D7A469721BD0 /* Pods.release.xcconfig */;
			buildSettings = {
				ASSETCATALOG_COMPILER_APPICON_NAME = AppIcon;
				INFOPLIST_FILE = WoFun/Info.plist;
				LD_RUNPATH_SEARCH_PATHS = "$(inherited) @executable_path/Frameworks";
				PRODUCT_NAME = "$(TARGET_NAME)";
			};
			name = Release;
		};
		49F87B491C946257001F8006 /* Debug */ = {
			isa = XCBuildConfiguration;
			buildSettings = {
				BUNDLE_LOADER = "$(TEST_HOST)";
				FRAMEWORK_SEARCH_PATHS = (
					"$(SDKROOT)/Developer/Library/Frameworks",
					"$(inherited)",
				);
				GCC_PREPROCESSOR_DEFINITIONS = (
					"DEBUG=1",
					"$(inherited)",
				);
				INFOPLIST_FILE = WoFunTests/Info.plist;
				LD_RUNPATH_SEARCH_PATHS = "$(inherited) @executable_path/Frameworks @loader_path/Frameworks";
				PRODUCT_NAME = "$(TARGET_NAME)";
				TEST_HOST = "$(BUILT_PRODUCTS_DIR)/WoFun.app/WoFun";
			};
			name = Debug;
		};
		49F87B4A1C946257001F8006 /* Release */ = {
			isa = XCBuildConfiguration;
			buildSettings = {
				BUNDLE_LOADER = "$(TEST_HOST)";
				FRAMEWORK_SEARCH_PATHS = (
					"$(SDKROOT)/Developer/Library/Frameworks",
					"$(inherited)",
				);
				INFOPLIST_FILE = WoFunTests/Info.plist;
				LD_RUNPATH_SEARCH_PATHS = "$(inherited) @executable_path/Frameworks @loader_path/Frameworks";
				PRODUCT_NAME = "$(TARGET_NAME)";
				TEST_HOST = "$(BUILT_PRODUCTS_DIR)/WoFun.app/WoFun";
			};
			name = Release;
		};
/* End XCBuildConfiguration section */

/* Begin XCConfigurationList section */
		49F87B1D1C946256001F8006 /* Build configuration list for PBXProject "WoFun" */ = {
			isa = XCConfigurationList;
			buildConfigurations = (
				49F87B431C946257001F8006 /* Debug */,
				49F87B441C946257001F8006 /* Release */,
			);
			defaultConfigurationIsVisible = 0;
			defaultConfigurationName = Release;
		};
		49F87B451C946257001F8006 /* Build configuration list for PBXNativeTarget "WoFun" */ = {
			isa = XCConfigurationList;
			buildConfigurations = (
				49F87B461C946257001F8006 /* Debug */,
				49F87B471C946257001F8006 /* Release */,
			);
			defaultConfigurationIsVisible = 0;
			defaultConfigurationName = Release;
		};
		49F87B481C946257001F8006 /* Build configuration list for PBXNativeTarget "WoFunTests" */ = {
			isa = XCConfigurationList;
			buildConfigurations = (
				49F87B491C946257001F8006 /* Debug */,
				49F87B4A1C946257001F8006 /* Release */,
			);
			defaultConfigurationIsVisible = 0;
			defaultConfigurationName = Release;
		};
/* End XCConfigurationList section */
	};
	rootObject = 49F87B1A1C946256001F8006 /* Project object */;
}
